
Microsoft Visual Studio Solution File, Format Version 12.00
# Visual Studio 14
VisualStudioVersion = 14.0.24720.0
MinimumVisualStudioVersion = 10.0.40219.1
Project("{FAE04EC0-301F-11D3-BF4B-00C04F79EFBC}") = "PersonaTelefonos", "PersonaTelefonos\PersonaTelefonos.csproj", "{DC3D4883-02B2-41F7-A464-FB7AB76EBE79}"
EndProject
Project("{FAE04EC0-301F-11D3-BF4B-00C04F79EFBC}") = "BLL", "BLL\BLL.csproj", "{719146D7-389C-432B-8268-93FDD8A57DDE}"
EndProject
Project("{FAE04EC0-301F-11D3-BF4B-00C04F79EFBC}") = "DAL", "DAL\DAL.csproj", "{5CD474AC-957E-4310-AE1D-E4D2960E243F}"
EndProject
Global
	GlobalSection(SolutionConfigurationPlatforms) = preSolution
		Debug|Any CPU = Debug|Any CPU
		Release|Any CPU = Release|Any CPU
	EndGlobalSection
	GlobalSection(ProjectConfigurationPlatforms) = postSolution
		{DC3D4883-02B2-41F7-A464-FB7AB76EBE79}.Debug|Any CPU.ActiveCfg = Debug|Any CPU
		{DC3D4883-02B2-41F7-A464-FB7AB76EBE79}.Debug|Any CPU.Build.0 = Debug|Any CPU
		{DC3D4883-02B2-41F7-A464-FB7AB76EBE79}.Release|Any CPU.ActiveCfg = Release|Any CPU
		{DC3D4883-02B2-41F7-A464-FB7AB76EBE79}.Release|Any CPU.Build.0 = Release|Any CPU
		{719146D7-389C-432B-8268-93FDD8A57DDE}.Debug|Any CPU.ActiveCfg = Debug|Any CPU
		{719146D7-389C-432B-8268-93FDD8A57DDE}.Debug|Any CPU.Build.0 = Debug|Any CPU
		{719146D7-389C-432B-8268-93FDD8A57DDE}.Release|Any CPU.ActiveCfg = Release|Any CPU
		{719146D7-389C-432B-8268-93FDD8A57DDE}.Release|Any CPU.Build.0 = Release|Any CPU
		{5CD474AC-957E-4310-AE1D-E4D2960E243F}.Debug|Any CPU.ActiveCfg = Debug|Any CPU
		{5CD474AC-957E-4310-AE1D-E4D2960E243F}.Debug|Any CPU.Build.0 = Debug|Any CPU
		{5CD474AC-957E-4310-AE1D-E4D2960E243F}.Release|Any CPU.ActiveCfg = Release|Any CPU
		{5CD474AC-957E-4310-AE1D-E4D2960E243F}.Release|Any CPU.Build.0 = Release|Any CPU
	EndGlobalSection
	GlobalSection(SolutionProperties) = preSolution
		HideSolutionNode = FALSE
	EndGlobalSection
EndGlobal
