
Microsoft Visual Studio Solution File, Format Version 12.00
# Visual Studio 14
VisualStudioVersion = 14.0.24720.0
MinimumVisualStudioVersion = 10.0.40219.1
Project("{FAE04EC0-301F-11D3-BF4B-00C04F79EFBC}") = "AplicadaII", "AplicadaII\AplicadaII.csproj", "{D90C6EEE-2E66-4E28-BAB4-97C65BD37C4B}"
EndProject
Project("{FAE04EC0-301F-11D3-BF4B-00C04F79EFBC}") = "BLL", "BLL\BLL.csproj", "{07900DAA-0516-4906-B5EE-A02A2E7F9E2E}"
EndProject
Project("{FAE04EC0-301F-11D3-BF4B-00C04F79EFBC}") = "DAL", "DAL\DAL.csproj", "{A97553AE-AC7B-4D3E-BEC4-85252D1430F6}"
EndProject
Global
	GlobalSection(SolutionConfigurationPlatforms) = preSolution
		Debug|Any CPU = Debug|Any CPU
		Release|Any CPU = Release|Any CPU
	EndGlobalSection
	GlobalSection(ProjectConfigurationPlatforms) = postSolution
		{D90C6EEE-2E66-4E28-BAB4-97C65BD37C4B}.Debug|Any CPU.ActiveCfg = Debug|Any CPU
		{D90C6EEE-2E66-4E28-BAB4-97C65BD37C4B}.Debug|Any CPU.Build.0 = Debug|Any CPU
		{D90C6EEE-2E66-4E28-BAB4-97C65BD37C4B}.Release|Any CPU.ActiveCfg = Release|Any CPU
		{D90C6EEE-2E66-4E28-BAB4-97C65BD37C4B}.Release|Any CPU.Build.0 = Release|Any CPU
		{07900DAA-0516-4906-B5EE-A02A2E7F9E2E}.Debug|Any CPU.ActiveCfg = Debug|Any CPU
		{07900DAA-0516-4906-B5EE-A02A2E7F9E2E}.Debug|Any CPU.Build.0 = Debug|Any CPU
		{07900DAA-0516-4906-B5EE-A02A2E7F9E2E}.Release|Any CPU.ActiveCfg = Release|Any CPU
		{07900DAA-0516-4906-B5EE-A02A2E7F9E2E}.Release|Any CPU.Build.0 = Release|Any CPU
		{A97553AE-AC7B-4D3E-BEC4-85252D1430F6}.Debug|Any CPU.ActiveCfg = Debug|Any CPU
		{A97553AE-AC7B-4D3E-BEC4-85252D1430F6}.Debug|Any CPU.Build.0 = Debug|Any CPU
		{A97553AE-AC7B-4D3E-BEC4-85252D1430F6}.Release|Any CPU.ActiveCfg = Release|Any CPU
		{A97553AE-AC7B-4D3E-BEC4-85252D1430F6}.Release|Any CPU.Build.0 = Release|Any CPU
	EndGlobalSection
	GlobalSection(SolutionProperties) = preSolution
		HideSolutionNode = FALSE
	EndGlobalSection
EndGlobal
