
Microsoft Visual Studio Solution File, Format Version 12.00
# Visual Studio 14
VisualStudioVersion = 14.0.24720.0
MinimumVisualStudioVersion = 10.0.40219.1
Project("{FAE04EC0-301F-11D3-BF4B-00C04F79EFBC}") = "PruebaPersona", "PruebaPersona\PruebaPersona.csproj", "{82BF91BD-A1C4-4A05-875C-AAF7A6B53E07}"
EndProject
Project("{FAE04EC0-301F-11D3-BF4B-00C04F79EFBC}") = "BLL", "BLL\BLL.csproj", "{A5AAD111-3159-473F-A1EB-37CBED5839FC}"
EndProject
Project("{FAE04EC0-301F-11D3-BF4B-00C04F79EFBC}") = "DAL", "DAL\DAL.csproj", "{AB4373B3-42AE-4FCF-8ECD-99B60C75866C}"
EndProject
Global
	GlobalSection(SolutionConfigurationPlatforms) = preSolution
		Debug|Any CPU = Debug|Any CPU
		Release|Any CPU = Release|Any CPU
	EndGlobalSection
	GlobalSection(ProjectConfigurationPlatforms) = postSolution
		{82BF91BD-A1C4-4A05-875C-AAF7A6B53E07}.Debug|Any CPU.ActiveCfg = Debug|Any CPU
		{82BF91BD-A1C4-4A05-875C-AAF7A6B53E07}.Debug|Any CPU.Build.0 = Debug|Any CPU
		{82BF91BD-A1C4-4A05-875C-AAF7A6B53E07}.Release|Any CPU.ActiveCfg = Release|Any CPU
		{82BF91BD-A1C4-4A05-875C-AAF7A6B53E07}.Release|Any CPU.Build.0 = Release|Any CPU
		{A5AAD111-3159-473F-A1EB-37CBED5839FC}.Debug|Any CPU.ActiveCfg = Debug|Any CPU
		{A5AAD111-3159-473F-A1EB-37CBED5839FC}.Debug|Any CPU.Build.0 = Debug|Any CPU
		{A5AAD111-3159-473F-A1EB-37CBED5839FC}.Release|Any CPU.ActiveCfg = Release|Any CPU
		{A5AAD111-3159-473F-A1EB-37CBED5839FC}.Release|Any CPU.Build.0 = Release|Any CPU
		{AB4373B3-42AE-4FCF-8ECD-99B60C75866C}.Debug|Any CPU.ActiveCfg = Debug|Any CPU
		{AB4373B3-42AE-4FCF-8ECD-99B60C75866C}.Debug|Any CPU.Build.0 = Debug|Any CPU
		{AB4373B3-42AE-4FCF-8ECD-99B60C75866C}.Release|Any CPU.ActiveCfg = Release|Any CPU
		{AB4373B3-42AE-4FCF-8ECD-99B60C75866C}.Release|Any CPU.Build.0 = Release|Any CPU
	EndGlobalSection
	GlobalSection(SolutionProperties) = preSolution
		HideSolutionNode = FALSE
	EndGlobalSection
EndGlobal
